
Microsoft Visual Studio Solution File, Format Version 12.00
# Visual Studio Version 16
VisualStudioVersion = 16.0.31515.178
MinimumVisualStudioVersion = 10.0.40219.1
Project("{9A19103F-16F7-4668-BE54-9A1E7A4F7556}") = "Fiap.Aula.Web.Exemplo01", "Fiap.Aula.Web.Exemplo01\Fiap.Aula.Web.Exemplo01.csproj", "{09717CBA-9A71-4926-A8C6-719606F8579E}"
EndProject
Project("{9A19103F-16F7-4668-BE54-9A1E7A4F7556}") = "Fiap.Aula02.Web.Exemplo", "Fiap.Aula02.Web.Exemplo\Fiap.Aula02.Web.Exemplo.csproj", "{B600C13B-2F07-46AF-9560-CB0AD5DD71FB}"
EndProject
Project("{9A19103F-16F7-4668-BE54-9A1E7A4F7556}") = "Fiap.CP_1.SofiaBag", "Fiap.CP_1.SofiaBag\Fiap.CP_1.SofiaBag.csproj", "{E225C637-3414-4906-B7E3-5437A7250DA9}"
EndProject
Project("{FAE04EC0-301F-11D3-BF4B-00C04F79EFBC}") = "FIAP.aula03.Web.Entity", "FIAP.aula03.Web.Entity\FIAP.aula03.Web.Entity.csproj", "{CE800B21-25E3-49B5-BF4F-C2C6825F1B61}"
EndProject
Global
	GlobalSection(SolutionConfigurationPlatforms) = preSolution
		Debug|Any CPU = Debug|Any CPU
		Release|Any CPU = Release|Any CPU
	EndGlobalSection
	GlobalSection(ProjectConfigurationPlatforms) = postSolution
		{09717CBA-9A71-4926-A8C6-719606F8579E}.Debug|Any CPU.ActiveCfg = Debug|Any CPU
		{09717CBA-9A71-4926-A8C6-719606F8579E}.Debug|Any CPU.Build.0 = Debug|Any CPU
		{09717CBA-9A71-4926-A8C6-719606F8579E}.Release|Any CPU.ActiveCfg = Release|Any CPU
		{09717CBA-9A71-4926-A8C6-719606F8579E}.Release|Any CPU.Build.0 = Release|Any CPU
		{B600C13B-2F07-46AF-9560-CB0AD5DD71FB}.Debug|Any CPU.ActiveCfg = Debug|Any CPU
		{B600C13B-2F07-46AF-9560-CB0AD5DD71FB}.Debug|Any CPU.Build.0 = Debug|Any CPU
		{B600C13B-2F07-46AF-9560-CB0AD5DD71FB}.Release|Any CPU.ActiveCfg = Release|Any CPU
		{B600C13B-2F07-46AF-9560-CB0AD5DD71FB}.Release|Any CPU.Build.0 = Release|Any CPU
		{E225C637-3414-4906-B7E3-5437A7250DA9}.Debug|Any CPU.ActiveCfg = Debug|Any CPU
		{E225C637-3414-4906-B7E3-5437A7250DA9}.Debug|Any CPU.Build.0 = Debug|Any CPU
		{E225C637-3414-4906-B7E3-5437A7250DA9}.Release|Any CPU.ActiveCfg = Release|Any CPU
		{E225C637-3414-4906-B7E3-5437A7250DA9}.Release|Any CPU.Build.0 = Release|Any CPU
		{CE800B21-25E3-49B5-BF4F-C2C6825F1B61}.Debug|Any CPU.ActiveCfg = Debug|Any CPU
		{CE800B21-25E3-49B5-BF4F-C2C6825F1B61}.Debug|Any CPU.Build.0 = Debug|Any CPU
		{CE800B21-25E3-49B5-BF4F-C2C6825F1B61}.Release|Any CPU.ActiveCfg = Release|Any CPU
		{CE800B21-25E3-49B5-BF4F-C2C6825F1B61}.Release|Any CPU.Build.0 = Release|Any CPU
	EndGlobalSection
	GlobalSection(SolutionProperties) = preSolution
		HideSolutionNode = FALSE
	EndGlobalSection
	GlobalSection(ExtensibilityGlobals) = postSolution
		SolutionGuid = {7DA4AA38-68B8-4AEE-8979-3749A95CE0AE}
	EndGlobalSection
EndGlobal
